
Microsoft Visual Studio Solution File, Format Version 12.00
# Visual Studio 2012
Project("{FAE04EC0-301F-11D3-BF4B-00C04F79EFBC}") = "DemoUSBRemovalDetection", "DemoUSBRemovalDetection\DemoUSBRemovalDetection.csproj", "{DE7E223F-C225-4099-BF80-4C91CCB4D1BB}"
EndProject
Global
	GlobalSection(SolutionConfigurationPlatforms) = preSolution
		Debug|Any CPU = Debug|Any CPU
		Release|Any CPU = Release|Any CPU
	EndGlobalSection
	GlobalSection(ProjectConfigurationPlatforms) = postSolution
		{DE7E223F-C225-4099-BF80-4C91CCB4D1BB}.Debug|Any CPU.ActiveCfg = Debug|Any CPU
		{DE7E223F-C225-4099-BF80-4C91CCB4D1BB}.Debug|Any CPU.Build.0 = Debug|Any CPU
		{DE7E223F-C225-4099-BF80-4C91CCB4D1BB}.Release|Any CPU.ActiveCfg = Release|Any CPU
		{DE7E223F-C225-4099-BF80-4C91CCB4D1BB}.Release|Any CPU.Build.0 = Release|Any CPU
	EndGlobalSection
	GlobalSection(SolutionProperties) = preSolution
		HideSolutionNode = FALSE
	EndGlobalSection
EndGlobal
