
Microsoft Visual Studio Solution File, Format Version 12.00
# Visual Studio 2012
Project("{FAE04EC0-301F-11D3-BF4B-00C04F79EFBC}") = "DemoHookAPIWithNewVersionDLL", "DemoHookAPIWithNewVersionDLL\DemoHookAPIWithNewVersionDLL.csproj", "{2D776953-86FA-4E5C-96D6-BFC7C1DDD69B}"
EndProject
Project("{FAE04EC0-301F-11D3-BF4B-00C04F79EFBC}") = "InjectDLL", "InjectDLL\InjectDLL.csproj", "{0222D9C6-483B-49DF-9C74-F8598066892C}"
EndProject
Global
	GlobalSection(SolutionConfigurationPlatforms) = preSolution
		Debug|Any CPU = Debug|Any CPU
		Release|Any CPU = Release|Any CPU
	EndGlobalSection
	GlobalSection(ProjectConfigurationPlatforms) = postSolution
		{2D776953-86FA-4E5C-96D6-BFC7C1DDD69B}.Debug|Any CPU.ActiveCfg = Debug|Any CPU
		{2D776953-86FA-4E5C-96D6-BFC7C1DDD69B}.Debug|Any CPU.Build.0 = Debug|Any CPU
		{2D776953-86FA-4E5C-96D6-BFC7C1DDD69B}.Release|Any CPU.ActiveCfg = Release|Any CPU
		{2D776953-86FA-4E5C-96D6-BFC7C1DDD69B}.Release|Any CPU.Build.0 = Release|Any CPU
		{0222D9C6-483B-49DF-9C74-F8598066892C}.Debug|Any CPU.ActiveCfg = Debug|Any CPU
		{0222D9C6-483B-49DF-9C74-F8598066892C}.Debug|Any CPU.Build.0 = Debug|Any CPU
		{0222D9C6-483B-49DF-9C74-F8598066892C}.Release|Any CPU.ActiveCfg = Release|Any CPU
		{0222D9C6-483B-49DF-9C74-F8598066892C}.Release|Any CPU.Build.0 = Release|Any CPU
	EndGlobalSection
	GlobalSection(SolutionProperties) = preSolution
		HideSolutionNode = FALSE
	EndGlobalSection
EndGlobal
