
Microsoft Visual Studio Solution File, Format Version 12.00
# Visual Studio 2012
Project("{FAE04EC0-301F-11D3-BF4B-00C04F79EFBC}") = "DemoHackingApp", "DemoHackingApp\DemoHackingApp.csproj", "{AB8521BD-E4DC-4FFB-AB41-751B6E885402}"
EndProject
Project("{FAE04EC0-301F-11D3-BF4B-00C04F79EFBC}") = "InjectDLL", "InjectDLL\InjectDLL.csproj", "{83AA2258-FF13-4641-B0FF-CB29D886D9D2}"
EndProject
Global
	GlobalSection(SolutionConfigurationPlatforms) = preSolution
		Debug|Any CPU = Debug|Any CPU
		Release|Any CPU = Release|Any CPU
	EndGlobalSection
	GlobalSection(ProjectConfigurationPlatforms) = postSolution
		{AB8521BD-E4DC-4FFB-AB41-751B6E885402}.Debug|Any CPU.ActiveCfg = Debug|Any CPU
		{AB8521BD-E4DC-4FFB-AB41-751B6E885402}.Debug|Any CPU.Build.0 = Debug|Any CPU
		{AB8521BD-E4DC-4FFB-AB41-751B6E885402}.Release|Any CPU.ActiveCfg = Release|Any CPU
		{AB8521BD-E4DC-4FFB-AB41-751B6E885402}.Release|Any CPU.Build.0 = Release|Any CPU
		{83AA2258-FF13-4641-B0FF-CB29D886D9D2}.Debug|Any CPU.ActiveCfg = Debug|Any CPU
		{83AA2258-FF13-4641-B0FF-CB29D886D9D2}.Debug|Any CPU.Build.0 = Debug|Any CPU
		{83AA2258-FF13-4641-B0FF-CB29D886D9D2}.Release|Any CPU.ActiveCfg = Release|Any CPU
		{83AA2258-FF13-4641-B0FF-CB29D886D9D2}.Release|Any CPU.Build.0 = Release|Any CPU
	EndGlobalSection
	GlobalSection(SolutionProperties) = preSolution
		HideSolutionNode = FALSE
	EndGlobalSection
EndGlobal
